
Microsoft Visual Studio Solution File, Format Version 12.00
# Visual Studio Version 16
VisualStudioVersion = 16.0.30907.101
MinimumVisualStudioVersion = 10.0.40219.1
Project("{FAE04EC0-301F-11D3-BF4B-00C04F79EFBC}") = "Image To DMC", "Image To DMC\Image To DMC.csproj", "{1A1EBACB-4BFA-40D7-9E24-EE25B5630AA5}"
EndProject
Global
	GlobalSection(SolutionConfigurationPlatforms) = preSolution
		Debug|Any CPU = Debug|Any CPU
		Release|Any CPU = Release|Any CPU
	EndGlobalSection
	GlobalSection(ProjectConfigurationPlatforms) = postSolution
		{1A1EBACB-4BFA-40D7-9E24-EE25B5630AA5}.Debug|Any CPU.ActiveCfg = Debug|Any CPU
		{1A1EBACB-4BFA-40D7-9E24-EE25B5630AA5}.Debug|Any CPU.Build.0 = Debug|Any CPU
		{1A1EBACB-4BFA-40D7-9E24-EE25B5630AA5}.Release|Any CPU.ActiveCfg = Release|Any CPU
		{1A1EBACB-4BFA-40D7-9E24-EE25B5630AA5}.Release|Any CPU.Build.0 = Release|Any CPU
	EndGlobalSection
	GlobalSection(SolutionProperties) = preSolution
		HideSolutionNode = FALSE
	EndGlobalSection
	GlobalSection(ExtensibilityGlobals) = postSolution
		SolutionGuid = {91E51099-F461-42E0-B4E6-67906FA3442B}
	EndGlobalSection
EndGlobal
